// !$*UTF8*$!
{
	archiveVersion = 1;
	classes = {
	};
	objectVersion = 56;
	objects = {

/* Begin PBXBuildFile section */
		F6116B542B6C714A00952C21 /* MainView.swift in Sources */ = {isa = PBXBuildFile; fileRef = F6116B532B6C714A00952C21 /* MainView.swift */; };
		F6116B562B6C761800952C21 /* Method.swift in Sources */ = {isa = PBXBuildFile; fileRef = F6116B552B6C761800952C21 /* Method.swift */; };
		F633D3302B6C31B4007D12FC /* SystemsTestApp.swift in Sources */ = {isa = PBXBuildFile; fileRef = F633D32F2B6C31B4007D12FC /* SystemsTestApp.swift */; };
		F633D3322B6C31B4007D12FC /* ContentView.swift in Sources */ = {isa = PBXBuildFile; fileRef = F633D3312B6C31B4007D12FC /* ContentView.swift */; };
		F633D3342B6C31B5007D12FC /* Assets.xcassets in Resources */ = {isa = PBXBuildFile; fileRef = F633D3332B6C31B5007D12FC /* Assets.xcassets */; };
		F633D3372B6C31B5007D12FC /* Preview Assets.xcassets in Resources */ = {isa = PBXBuildFile; fileRef = F633D3362B6C31B5007D12FC /* Preview Assets.xcassets */; };
		F633D33E2B6C32FC007D12FC /* ProductCardView.swift in Sources */ = {isa = PBXBuildFile; fileRef = F633D33D2B6C32FC007D12FC /* ProductCardView.swift */; };
		F633D3402B6C3D24007D12FC /* NavBarButton.swift in Sources */ = {isa = PBXBuildFile; fileRef = F633D33F2B6C3D24007D12FC /* NavBarButton.swift */; };
		F633D3422B6C3E7F007D12FC /* ProductModel.swift in Sources */ = {isa = PBXBuildFile; fileRef = F633D3412B6C3E7F007D12FC /* ProductModel.swift */; };
		F633D3442B6C3F42007D12FC /* ReviewModel.swift in Sources */ = {isa = PBXBuildFile; fileRef = F633D3432B6C3F42007D12FC /* ReviewModel.swift */; };
		F633D3462B6C42CD007D12FC /* DiscountSymbol.swift in Sources */ = {isa = PBXBuildFile; fileRef = F633D3452B6C42CD007D12FC /* DiscountSymbol.swift */; };
		F633D3482B6C538A007D12FC /* SpecificationModel.swift in Sources */ = {isa = PBXBuildFile; fileRef = F633D3472B6C538A007D12FC /* SpecificationModel.swift */; };
		F633D34A2B6C5703007D12FC /* DottedSpacer.swift in Sources */ = {isa = PBXBuildFile; fileRef = F633D3492B6C5703007D12FC /* DottedSpacer.swift */; };
/* End PBXBuildFile section */

/* Begin PBXFileReference section */
		F6116B532B6C714A00952C21 /* MainView.swift */ = {isa = PBXFileReference; lastKnownFileType = sourcecode.swift; path = MainView.swift; sourceTree = "<group>"; };
		F6116B552B6C761800952C21 /* Method.swift */ = {isa = PBXFileReference; lastKnownFileType = sourcecode.swift; path = Method.swift; sourceTree = "<group>"; };
		F633D32C2B6C31B4007D12FC /* SystemsTest.app */ = {isa = PBXFileReference; explicitFileType = wrapper.application; includeInIndex = 0; path = SystemsTest.app; sourceTree = BUILT_PRODUCTS_DIR; };
		F633D32F2B6C31B4007D12FC /* SystemsTestApp.swift */ = {isa = PBXFileReference; lastKnownFileType = sourcecode.swift; path = SystemsTestApp.swift; sourceTree = "<group>"; };
		F633D3312B6C31B4007D12FC /* ContentView.swift */ = {isa = PBXFileReference; lastKnownFileType = sourcecode.swift; path = ContentView.swift; sourceTree = "<group>"; };
		F633D3332B6C31B5007D12FC /* Assets.xcassets */ = {isa = PBXFileReference; lastKnownFileType = folder.assetcatalog; path = Assets.xcassets; sourceTree = "<group>"; };
		F633D3362B6C31B5007D12FC /* Preview Assets.xcassets */ = {isa = PBXFileReference; lastKnownFileType = folder.assetcatalog; path = "Preview Assets.xcassets"; sourceTree = "<group>"; };
		F633D33D2B6C32FC007D12FC /* ProductCardView.swift */ = {isa = PBXFileReference; lastKnownFileType = sourcecode.swift; path = ProductCardView.swift; sourceTree = "<group>"; };
		F633D33F2B6C3D24007D12FC /* NavBarButton.swift */ = {isa = PBXFileReference; lastKnownFileType = sourcecode.swift; path = NavBarButton.swift; sourceTree = "<group>"; };
		F633D3412B6C3E7F007D12FC /* ProductModel.swift */ = {isa = PBXFileReference; lastKnownFileType = sourcecode.swift; path = ProductModel.swift; sourceTree = "<group>"; };
		F633D3432B6C3F42007D12FC /* ReviewModel.swift */ = {isa = PBXFileReference; lastKnownFileType = sourcecode.swift; path = ReviewModel.swift; sourceTree = "<group>"; };
		F633D3452B6C42CD007D12FC /* DiscountSymbol.swift */ = {isa = PBXFileReference; lastKnownFileType = sourcecode.swift; path = DiscountSymbol.swift; sourceTree = "<group>"; };
		F633D3472B6C538A007D12FC /* SpecificationModel.swift */ = {isa = PBXFileReference; lastKnownFileType = sourcecode.swift; path = SpecificationModel.swift; sourceTree = "<group>"; };
		F633D3492B6C5703007D12FC /* DottedSpacer.swift */ = {isa = PBXFileReference; lastKnownFileType = sourcecode.swift; path = DottedSpacer.swift; sourceTree = "<group>"; };
/* End PBXFileReference section */

/* Begin PBXFrameworksBuildPhase section */
		F633D3292B6C31B4007D12FC /* Frameworks */ = {
			isa = PBXFrameworksBuildPhase;
			buildActionMask = 2147483647;
			files = (
			);
			runOnlyForDeploymentPostprocessing = 0;
		};
/* End PBXFrameworksBuildPhase section */

/* Begin PBXGroup section */
		F633D3232B6C31B4007D12FC = {
			isa = PBXGroup;
			children = (
				F633D32E2B6C31B4007D12FC /* SystemsTest */,
				F633D32D2B6C31B4007D12FC /* Products */,
			);
			sourceTree = "<group>";
		};
		F633D32D2B6C31B4007D12FC /* Products */ = {
			isa = PBXGroup;
			children = (
				F633D32C2B6C31B4007D12FC /* SystemsTest.app */,
			);
			name = Products;
			sourceTree = "<group>";
		};
		F633D32E2B6C31B4007D12FC /* SystemsTest */ = {
			isa = PBXGroup;
			children = (
				F633D32F2B6C31B4007D12FC /* SystemsTestApp.swift */,
				F633D3312B6C31B4007D12FC /* ContentView.swift */,
				F633D33D2B6C32FC007D12FC /* ProductCardView.swift */,
				F6116B552B6C761800952C21 /* Method.swift */,
				F6116B532B6C714A00952C21 /* MainView.swift */,
				F633D33F2B6C3D24007D12FC /* NavBarButton.swift */,
				F633D3412B6C3E7F007D12FC /* ProductModel.swift */,
				F633D3432B6C3F42007D12FC /* ReviewModel.swift */,
				F633D3452B6C42CD007D12FC /* DiscountSymbol.swift */,
				F633D3472B6C538A007D12FC /* SpecificationModel.swift */,
				F633D3492B6C5703007D12FC /* DottedSpacer.swift */,
				F633D3332B6C31B5007D12FC /* Assets.xcassets */,
				F633D3352B6C31B5007D12FC /* Preview Content */,
			);
			path = SystemsTest;
			sourceTree = "<group>";
		};
		F633D3352B6C31B5007D12FC /* Preview Content */ = {
			isa = PBXGroup;
			children = (
				F633D3362B6C31B5007D12FC /* Preview Assets.xcassets */,
			);
			path = "Preview Content";
			sourceTree = "<group>";
		};
/* End PBXGroup section */

/* Begin PBXNativeTarget section */
		F633D32B2B6C31B4007D12FC /* SystemsTest */ = {
			isa = PBXNativeTarget;
			buildConfigurationList = F633D33A2B6C31B5007D12FC /* Build configuration list for PBXNativeTarget "SystemsTest" */;
			buildPhases = (
				F633D3282B6C31B4007D12FC /* Sources */,
				F633D3292B6C31B4007D12FC /* Frameworks */,
				F633D32A2B6C31B4007D12FC /* Resources */,
			);
			buildRules = (
			);
			dependencies = (
			);
			name = SystemsTest;
			productName = SystemsTest;
			productReference = F633D32C2B6C31B4007D12FC /* SystemsTest.app */;
			productType = "com.apple.product-type.application";
		};
/* End PBXNativeTarget section */

/* Begin PBXProject section */
		F633D3242B6C31B4007D12FC /* Project object */ = {
			isa = PBXProject;
			attributes = {
				BuildIndependentTargetsInParallel = 1;
				LastSwiftUpdateCheck = 1520;
				LastUpgradeCheck = 1520;
				TargetAttributes = {
					F633D32B2B6C31B4007D12FC = {
						CreatedOnToolsVersion = 15.2;
					};
				};
			};
			buildConfigurationList = F633D3272B6C31B4007D12FC /* Build configuration list for PBXProject "SystemsTest" */;
			compatibilityVersion = "Xcode 14.0";
			developmentRegion = en;
			hasScannedForEncodings = 0;
			knownRegions = (
				en,
				Base,
			);
			mainGroup = F633D3232B6C31B4007D12FC;
			productRefGroup = F633D32D2B6C31B4007D12FC /* Products */;
			projectDirPath = "";
			projectRoot = "";
			targets = (
				F633D32B2B6C31B4007D12FC /* SystemsTest */,
			);
		};
/* End PBXProject section */

/* Begin PBXResourcesBuildPhase section */
		F633D32A2B6C31B4007D12FC /* Resources */ = {
			isa = PBXResourcesBuildPhase;
			buildActionMask = 2147483647;
			files = (
				F633D3372B6C31B5007D12FC /* Preview Assets.xcassets in Resources */,
				F633D3342B6C31B5007D12FC /* Assets.xcassets in Resources */,
			);
			runOnlyForDeploymentPostprocessing = 0;
		};
/* End PBXResourcesBuildPhase section */

/* Begin PBXSourcesBuildPhase section */
		F633D3282B6C31B4007D12FC /* Sources */ = {
			isa = PBXSourcesBuildPhase;
			buildActionMask = 2147483647;
			files = (
				F633D33E2B6C32FC007D12FC /* ProductCardView.swift in Sources */,
				F633D3462B6C42CD007D12FC /* DiscountSymbol.swift in Sources */,
				F633D3322B6C31B4007D12FC /* ContentView.swift in Sources */,
				F6116B542B6C714A00952C21 /* MainView.swift in Sources */,
				F633D3302B6C31B4007D12FC /* SystemsTestApp.swift in Sources */,
				F633D3402B6C3D24007D12FC /* NavBarButton.swift in Sources */,
				F633D3482B6C538A007D12FC /* SpecificationModel.swift in Sources */,
				F633D3422B6C3E7F007D12FC /* ProductModel.swift in Sources */,
				F633D34A2B6C5703007D12FC /* DottedSpacer.swift in Sources */,
				F633D3442B6C3F42007D12FC /* ReviewModel.swift in Sources */,
				F6116B562B6C761800952C21 /* Method.swift in Sources */,
			);
			runOnlyForDeploymentPostprocessing = 0;
		};
/* End PBXSourcesBuildPhase section */

/* Begin XCBuildConfiguration section */
		F633D3382B6C31B5007D12FC /* Debug */ = {
			isa = XCBuildConfiguration;
			buildSettings = {
				ALWAYS_SEARCH_USER_PATHS = NO;
				ASSETCATALOG_COMPILER_GENERATE_SWIFT_ASSET_SYMBOL_EXTENSIONS = YES;
				CLANG_ANALYZER_NONNULL = YES;
				CLANG_ANALYZER_NUMBER_OBJECT_CONVERSION = YES_AGGRESSIVE;
				CLANG_CXX_LANGUAGE_STANDARD = "gnu++20";
				CLANG_ENABLE_MODULES = YES;
				CLANG_ENABLE_OBJC_ARC = YES;
				CLANG_ENABLE_OBJC_WEAK = YES;
				CLANG_WARN_BLOCK_CAPTURE_AUTORELEASING = YES;
				CLANG_WARN_BOOL_CONVERSION = YES;
				CLANG_WARN_COMMA = YES;
				CLANG_WARN_CONSTANT_CONVERSION = YES;
				CLANG_WARN_DEPRECATED_OBJC_IMPLEMENTATIONS = YES;
				CLANG_WARN_DIRECT_OBJC_ISA_USAGE = YES_ERROR;
				CLANG_WARN_DOCUMENTATION_COMMENTS = YES;
				CLANG_WARN_EMPTY_BODY = YES;
				CLANG_WARN_ENUM_CONVERSION = YES;
				CLANG_WARN_INFINITE_RECURSION = YES;
				CLANG_WARN_INT_CONVERSION = YES;
				CLANG_WARN_NON_LITERAL_NULL_CONVERSION = YES;
				CLANG_WARN_OBJC_IMPLICIT_RETAIN_SELF = YES;
				CLANG_WARN_OBJC_LITERAL_CONVERSION = YES;
				CLANG_WARN_OBJC_ROOT_CLASS = YES_ERROR;
				CLANG_WARN_QUOTED_INCLUDE_IN_FRAMEWORK_HEADER = YES;
				CLANG_WARN_RANGE_LOOP_ANALYSIS = YES;
				CLANG_WARN_STRICT_PROTOTYPES = YES;
				CLANG_WARN_SUSPICIOUS_MOVE = YES;
				CLANG_WARN_UNGUARDED_AVAILABILITY = YES_AGGRESSIVE;
				CLANG_WARN_UNREACHABLE_CODE = YES;
				CLANG_WARN__DUPLICATE_METHOD_MATCH = YES;
				COPY_PHASE_STRIP = NO;
				DEBUG_INFORMATION_FORMAT = dwarf;
				ENABLE_STRICT_OBJC_MSGSEND = YES;
				ENABLE_TESTABILITY = YES;
				ENABLE_USER_SCRIPT_SANDBOXING = YES;
				GCC_C_LANGUAGE_STANDARD = gnu17;
				GCC_DYNAMIC_NO_PIC = NO;
				GCC_NO_COMMON_BLOCKS = YES;
				GCC_OPTIMIZATION_LEVEL = 0;
				GCC_PREPROCESSOR_DEFINITIONS = (
					"DEBUG=1",
					"$(inherited)",
				);
				GCC_WARN_64_TO_32_BIT_CONVERSION = YES;
				GCC_WARN_ABOUT_RETURN_TYPE = YES_ERROR;
				GCC_WARN_UNDECLARED_SELECTOR = YES;
				GCC_WARN_UNINITIALIZED_AUTOS = YES_AGGRESSIVE;
				GCC_WARN_UNUSED_FUNCTION = YES;
				GCC_WARN_UNUSED_VARIABLE = YES;
				IPHONEOS_DEPLOYMENT_TARGET = 14.0;
				LOCALIZATION_PREFERS_STRING_CATALOGS = YES;
				MTL_ENABLE_DEBUG_INFO = INCLUDE_SOURCE;
				MTL_FAST_MATH = YES;
				ONLY_ACTIVE_ARCH = YES;
				SDKROOT = iphoneos;
				SWIFT_ACTIVE_COMPILATION_CONDITIONS = "DEBUG $(inherited)";
				SWIFT_OPTIMIZATION_LEVEL = "-Onone";
			};
			name = Debug;
		};
		F633D3392B6C31B5007D12FC /* Release */ = {
			isa = XCBuildConfiguration;
			buildSettings = {
				ALWAYS_SEARCH_USER_PATHS = NO;
				ASSETCATALOG_COMPILER_GENERATE_SWIFT_ASSET_SYMBOL_EXTENSIONS = YES;
				CLANG_ANALYZER_NONNULL = YES;
				CLANG_ANALYZER_NUMBER_OBJECT_CONVERSION = YES_AGGRESSIVE;
				CLANG_CXX_LANGUAGE_STANDARD = "gnu++20";
				CLANG_ENABLE_MODULES = YES;
				CLANG_ENABLE_OBJC_ARC = YES;
				CLANG_ENABLE_OBJC_WEAK = YES;
				CLANG_WARN_BLOCK_CAPTURE_AUTORELEASING = YES;
				CLANG_WARN_BOOL_CONVERSION = YES;
				CLANG_WARN_COMMA = YES;
				CLANG_WARN_CONSTANT_CONVERSION = YES;
				CLANG_WARN_DEPRECATED_OBJC_IMPLEMENTATIONS = YES;
				CLANG_WARN_DIRECT_OBJC_ISA_USAGE = YES_ERROR;
				CLANG_WARN_DOCUMENTATION_COMMENTS = YES;
				CLANG_WARN_EMPTY_BODY = YES;
				CLANG_WARN_ENUM_CONVERSION = YES;
				CLANG_WARN_INFINITE_RECURSION = YES;
				CLANG_WARN_INT_CONVERSION = YES;
				CLANG_WARN_NON_LITERAL_NULL_CONVERSION = YES;
				CLANG_WARN_OBJC_IMPLICIT_RETAIN_SELF = YES;
				CLANG_WARN_OBJC_LITERAL_CONVERSION = YES;
				CLANG_WARN_OBJC_ROOT_CLASS = YES_ERROR;
				CLANG_WARN_QUOTED_INCLUDE_IN_FRAMEWORK_HEADER = YES;
				CLANG_WARN_RANGE_LOOP_ANALYSIS = YES;
				CLANG_WARN_STRICT_PROTOTYPES = YES;
				CLANG_WARN_SUSPICIOUS_MOVE = YES;
				CLANG_WARN_UNGUARDED_AVAILABILITY = YES_AGGRESSIVE;
				CLANG_WARN_UNREACHABLE_CODE = YES;
				CLANG_WARN__DUPLICATE_METHOD_MATCH = YES;
				COPY_PHASE_STRIP = NO;
				DEBUG_INFORMATION_FORMAT = "dwarf-with-dsym";
				ENABLE_NS_ASSERTIONS = NO;
				ENABLE_STRICT_OBJC_MSGSEND = YES;
				ENABLE_USER_SCRIPT_SANDBOXING = YES;
				GCC_C_LANGUAGE_STANDARD = gnu17;
				GCC_NO_COMMON_BLOCKS = YES;
				GCC_WARN_64_TO_32_BIT_CONVERSION = YES;
				GCC_WARN_ABOUT_RETURN_TYPE = YES_ERROR;
				GCC_WARN_UNDECLARED_SELECTOR = YES;
				GCC_WARN_UNINITIALIZED_AUTOS = YES_AGGRESSIVE;
				GCC_WARN_UNUSED_FUNCTION = YES;
				GCC_WARN_UNUSED_VARIABLE = YES;
				IPHONEOS_DEPLOYMENT_TARGET = 14.0;
				LOCALIZATION_PREFERS_STRING_CATALOGS = YES;
				MTL_ENABLE_DEBUG_INFO = NO;
				MTL_FAST_MATH = YES;
				SDKROOT = iphoneos;
				SWIFT_COMPILATION_MODE = wholemodule;
				VALIDATE_PRODUCT = YES;
			};
			name = Release;
		};
		F633D33B2B6C31B5007D12FC /* Debug */ = {
			isa = XCBuildConfiguration;
			buildSettings = {
				ASSETCATALOG_COMPILER_APPICON_NAME = AppIcon;
				ASSETCATALOG_COMPILER_GLOBAL_ACCENT_COLOR_NAME = AccentColor;
				CODE_SIGN_STYLE = Automatic;
				CURRENT_PROJECT_VERSION = 1;
				DEVELOPMENT_ASSET_PATHS = "\"SystemsTest/Preview Content\"";
				ENABLE_PREVIEWS = YES;
				GENERATE_INFOPLIST_FILE = YES;
				INFOPLIST_KEY_UIApplicationSceneManifest_Generation = YES;
				INFOPLIST_KEY_UIApplicationSupportsIndirectInputEvents = YES;
				INFOPLIST_KEY_UILaunchScreen_Generation = YES;
				INFOPLIST_KEY_UISupportedInterfaceOrientations = UIInterfaceOrientationPortrait;
				INFOPLIST_KEY_UISupportedInterfaceOrientations_iPad = "UIInterfaceOrientationLandscapeLeft UIInterfaceOrientationLandscapeRight UIInterfaceOrientationPortrait UIInterfaceOrientationPortraitUpsideDown";
				IPHONEOS_DEPLOYMENT_TARGET = 14.0;
				LD_RUNPATH_SEARCH_PATHS = (
					"$(inherited)",
					"@executable_path/Frameworks",
				);
				MARKETING_VERSION = 1.0;
				PRODUCT_BUNDLE_IDENTIFIER = vdc.SystemsTest;
				PRODUCT_NAME = "$(TARGET_NAME)";
				SUPPORTED_PLATFORMS = "iphoneos iphonesimulator";
				SUPPORTS_MACCATALYST = NO;
				SUPPORTS_MAC_DESIGNED_FOR_IPHONE_IPAD = NO;
				SUPPORTS_XR_DESIGNED_FOR_IPHONE_IPAD = NO;
				SWIFT_EMIT_LOC_STRINGS = YES;
				SWIFT_VERSION = 5.0;
				TARGETED_DEVICE_FAMILY = 1;
			};
			name = Debug;
		};
		F633D33C2B6C31B5007D12FC /* Release */ = {
			isa = XCBuildConfiguration;
			buildSettings = {
				ASSETCATALOG_COMPILER_APPICON_NAME = AppIcon;
				ASSETCATALOG_COMPILER_GLOBAL_ACCENT_COLOR_NAME = AccentColor;
				CODE_SIGN_STYLE = Automatic;
				CURRENT_PROJECT_VERSION = 1;
				DEVELOPMENT_ASSET_PATHS = "\"SystemsTest/Preview Content\"";
				ENABLE_PREVIEWS = YES;
				GENERATE_INFOPLIST_FILE = YES;
				INFOPLIST_KEY_UIApplicationSceneManifest_Generation = YES;
				INFOPLIST_KEY_UIApplicationSupportsIndirectInputEvents = YES;
				INFOPLIST_KEY_UILaunchScreen_Generation = YES;
				INFOPLIST_KEY_UISupportedInterfaceOrientations = UIInterfaceOrientationPortrait;
				INFOPLIST_KEY_UISupportedInterfaceOrientations_iPad = "UIInterfaceOrientationLandscapeLeft UIInterfaceOrientationLandscapeRight UIInterfaceOrientationPortrait UIInterfaceOrientationPortraitUpsideDown";
				IPHONEOS_DEPLOYMENT_TARGET = 14.0;
				LD_RUNPATH_SEARCH_PATHS = (
					"$(inherited)",
					"@executable_path/Frameworks",
				);
				MARKETING_VERSION = 1.0;
				PRODUCT_BUNDLE_IDENTIFIER = vdc.SystemsTest;
				PRODUCT_NAME = "$(TARGET_NAME)";
				SUPPORTED_PLATFORMS = "iphoneos iphonesimulator";
				SUPPORTS_MACCATALYST = NO;
				SUPPORTS_MAC_DESIGNED_FOR_IPHONE_IPAD = NO;
				SUPPORTS_XR_DESIGNED_FOR_IPHONE_IPAD = NO;
				SWIFT_EMIT_LOC_STRINGS = YES;
				SWIFT_VERSION = 5.0;
				TARGETED_DEVICE_FAMILY = 1;
			};
			name = Release;
		};
/* End XCBuildConfiguration section */

/* Begin XCConfigurationList section */
		F633D3272B6C31B4007D12FC /* Build configuration list for PBXProject "SystemsTest" */ = {
			isa = XCConfigurationList;
			buildConfigurations = (
				F633D3382B6C31B5007D12FC /* Debug */,
				F633D3392B6C31B5007D12FC /* Release */,
			);
			defaultConfigurationIsVisible = 0;
			defaultConfigurationName = Release;
		};
		F633D33A2B6C31B5007D12FC /* Build configuration list for PBXNativeTarget "SystemsTest" */ = {
			isa = XCConfigurationList;
			buildConfigurations = (
				F633D33B2B6C31B5007D12FC /* Debug */,
				F633D33C2B6C31B5007D12FC /* Release */,
			);
			defaultConfigurationIsVisible = 0;
			defaultConfigurationName = Release;
		};
/* End XCConfigurationList section */
	};
	rootObject = F633D3242B6C31B4007D12FC /* Project object */;
}
